// !$*UTF8*$!
{
	archiveVersion = 1;
	classes = {
	};
	objectVersion = 56;
	objects = {

/* Begin PBXBuildFile section */
		D24D2CE729E057EA002B7594 /* AppDelegate.swift in Sources */ = {isa = PBXBuildFile; fileRef = D24D2CE629E057EA002B7594 /* AppDelegate.swift */; };
		D24D2CE929E057EA002B7594 /* SceneDelegate.swift in Sources */ = {isa = PBXBuildFile; fileRef = D24D2CE829E057EA002B7594 /* SceneDelegate.swift */; };
		D24D2CEB29E057EA002B7594 /* ViewController.swift in Sources */ = {isa = PBXBuildFile; fileRef = D24D2CEA29E057EA002B7594 /* ViewController.swift */; };
		D24D2CF029E057EB002B7594 /* Assets.xcassets in Resources */ = {isa = PBXBuildFile; fileRef = D24D2CEF29E057EB002B7594 /* Assets.xcassets */; };
		D24D2CF329E057EB002B7594 /* LaunchScreen.storyboard in Resources */ = {isa = PBXBuildFile; fileRef = D24D2CF129E057EB002B7594 /* LaunchScreen.storyboard */; };
		D24D2CFB29E05896002B7594 /* CoreDataManager.swift in Sources */ = {isa = PBXBuildFile; fileRef = D24D2CFA29E05896002B7594 /* CoreDataManager.swift */; };
		D24D2D1229E08647002B7594 /* DogWalks.xcdatamodeld in Sources */ = {isa = PBXBuildFile; fileRef = D24D2D1029E08647002B7594 /* DogWalks.xcdatamodeld */; };
		D24D2D1729E086D0002B7594 /* Walk+CoreDataClass.swift in Sources */ = {isa = PBXBuildFile; fileRef = D24D2D1329E086D0002B7594 /* Walk+CoreDataClass.swift */; };
		D24D2D1829E086D0002B7594 /* Walk+CoreDataProperties.swift in Sources */ = {isa = PBXBuildFile; fileRef = D24D2D1429E086D0002B7594 /* Walk+CoreDataProperties.swift */; };
		D24D2D1929E086D0002B7594 /* Dog+CoreDataClass.swift in Sources */ = {isa = PBXBuildFile; fileRef = D24D2D1529E086D0002B7594 /* Dog+CoreDataClass.swift */; };
		D24D2D1A29E086D0002B7594 /* Dog+CoreDataProperties.swift in Sources */ = {isa = PBXBuildFile; fileRef = D24D2D1629E086D0002B7594 /* Dog+CoreDataProperties.swift */; };
/* End PBXBuildFile section */

/* Begin PBXFileReference section */
		D24D2CE329E057EA002B7594 /* DogWalks.app */ = {isa = PBXFileReference; explicitFileType = wrapper.application; includeInIndex = 0; path = DogWalks.app; sourceTree = BUILT_PRODUCTS_DIR; };
		D24D2CE629E057EA002B7594 /* AppDelegate.swift */ = {isa = PBXFileReference; lastKnownFileType = sourcecode.swift; path = AppDelegate.swift; sourceTree = "<group>"; };
		D24D2CE829E057EA002B7594 /* SceneDelegate.swift */ = {isa = PBXFileReference; lastKnownFileType = sourcecode.swift; path = SceneDelegate.swift; sourceTree = "<group>"; };
		D24D2CEA29E057EA002B7594 /* ViewController.swift */ = {isa = PBXFileReference; lastKnownFileType = sourcecode.swift; path = ViewController.swift; sourceTree = "<group>"; };
		D24D2CEF29E057EB002B7594 /* Assets.xcassets */ = {isa = PBXFileReference; lastKnownFileType = folder.assetcatalog; path = Assets.xcassets; sourceTree = "<group>"; };
		D24D2CF229E057EB002B7594 /* Base */ = {isa = PBXFileReference; lastKnownFileType = file.storyboard; name = Base; path = Base.lproj/LaunchScreen.storyboard; sourceTree = "<group>"; };
		D24D2CF429E057EB002B7594 /* Info.plist */ = {isa = PBXFileReference; lastKnownFileType = text.plist.xml; path = Info.plist; sourceTree = "<group>"; };
		D24D2CFA29E05896002B7594 /* CoreDataManager.swift */ = {isa = PBXFileReference; lastKnownFileType = sourcecode.swift; path = CoreDataManager.swift; sourceTree = "<group>"; };
		D24D2D1129E08647002B7594 /* DogWalks.xcdatamodel */ = {isa = PBXFileReference; lastKnownFileType = wrapper.xcdatamodel; path = DogWalks.xcdatamodel; sourceTree = "<group>"; };
		D24D2D1329E086D0002B7594 /* Walk+CoreDataClass.swift */ = {isa = PBXFileReference; lastKnownFileType = sourcecode.swift; path = "Walk+CoreDataClass.swift"; sourceTree = SOURCE_ROOT; };
		D24D2D1429E086D0002B7594 /* Walk+CoreDataProperties.swift */ = {isa = PBXFileReference; lastKnownFileType = sourcecode.swift; path = "Walk+CoreDataProperties.swift"; sourceTree = SOURCE_ROOT; };
		D24D2D1529E086D0002B7594 /* Dog+CoreDataClass.swift */ = {isa = PBXFileReference; lastKnownFileType = sourcecode.swift; path = "Dog+CoreDataClass.swift"; sourceTree = SOURCE_ROOT; };
		D24D2D1629E086D0002B7594 /* Dog+CoreDataProperties.swift */ = {isa = PBXFileReference; lastKnownFileType = sourcecode.swift; path = "Dog+CoreDataProperties.swift"; sourceTree = SOURCE_ROOT; };
/* End PBXFileReference section */

/* Begin PBXFrameworksBuildPhase section */
		D24D2CE029E057EA002B7594 /* Frameworks */ = {
			isa = PBXFrameworksBuildPhase;
			buildActionMask = 2147483647;
			files = (
			);
			runOnlyForDeploymentPostprocessing = 0;
		};
/* End PBXFrameworksBuildPhase section */

/* Begin PBXGroup section */
		D24D2CDA29E057EA002B7594 = {
			isa = PBXGroup;
			children = (
				D24D2CE529E057EA002B7594 /* DogWalks */,
				D24D2CE429E057EA002B7594 /* Products */,
			);
			sourceTree = "<group>";
		};
		D24D2CE429E057EA002B7594 /* Products */ = {
			isa = PBXGroup;
			children = (
				D24D2CE329E057EA002B7594 /* DogWalks.app */,
			);
			name = Products;
			sourceTree = "<group>";
		};
		D24D2CE529E057EA002B7594 /* DogWalks */ = {
			isa = PBXGroup;
			children = (
				D24D2CE629E057EA002B7594 /* AppDelegate.swift */,
				D24D2CE829E057EA002B7594 /* SceneDelegate.swift */,
				D24D2CEA29E057EA002B7594 /* ViewController.swift */,
				D24D2CFF29E058F4002B7594 /* CoreData */,
				D24D2CEF29E057EB002B7594 /* Assets.xcassets */,
				D24D2CF129E057EB002B7594 /* LaunchScreen.storyboard */,
				D24D2CF429E057EB002B7594 /* Info.plist */,
			);
			path = DogWalks;
			sourceTree = "<group>";
		};
		D24D2CFF29E058F4002B7594 /* CoreData */ = {
			isa = PBXGroup;
			children = (
				D24D2D1329E086D0002B7594 /* Walk+CoreDataClass.swift */,
				D24D2D1429E086D0002B7594 /* Walk+CoreDataProperties.swift */,
				D24D2D1529E086D0002B7594 /* Dog+CoreDataClass.swift */,
				D24D2D1629E086D0002B7594 /* Dog+CoreDataProperties.swift */,
				D24D2CFA29E05896002B7594 /* CoreDataManager.swift */,
				D24D2D1029E08647002B7594 /* DogWalks.xcdatamodeld */,
			);
			path = CoreData;
			sourceTree = "<group>";
		};
/* End PBXGroup section */

/* Begin PBXNativeTarget section */
		D24D2CE229E057EA002B7594 /* DogWalks */ = {
			isa = PBXNativeTarget;
			buildConfigurationList = D24D2CF729E057EB002B7594 /* Build configuration list for PBXNativeTarget "DogWalks" */;
			buildPhases = (
				D24D2CDF29E057EA002B7594 /* Sources */,
				D24D2CE029E057EA002B7594 /* Frameworks */,
				D24D2CE129E057EA002B7594 /* Resources */,
			);
			buildRules = (
			);
			dependencies = (
			);
			name = DogWalks;
			productName = DogWalks;
			productReference = D24D2CE329E057EA002B7594 /* DogWalks.app */;
			productType = "com.apple.product-type.application";
		};
/* End PBXNativeTarget section */

/* Begin PBXProject section */
		D24D2CDB29E057EA002B7594 /* Project object */ = {
			isa = PBXProject;
			attributes = {
				BuildIndependentTargetsInParallel = 1;
				LastSwiftUpdateCheck = 1430;
				LastUpgradeCheck = 1430;
				TargetAttributes = {
					D24D2CE229E057EA002B7594 = {
						CreatedOnToolsVersion = 14.3;
					};
				};
			};
			buildConfigurationList = D24D2CDE29E057EA002B7594 /* Build configuration list for PBXProject "DogWalks" */;
			compatibilityVersion = "Xcode 14.0";
			developmentRegion = en;
			hasScannedForEncodings = 0;
			knownRegions = (
				en,
				Base,
			);
			mainGroup = D24D2CDA29E057EA002B7594;
			productRefGroup = D24D2CE429E057EA002B7594 /* Products */;
			projectDirPath = "";
			projectRoot = "";
			targets = (
				D24D2CE229E057EA002B7594 /* DogWalks */,
			);
		};
/* End PBXProject section */

/* Begin PBXResourcesBuildPhase section */
		D24D2CE129E057EA002B7594 /* Resources */ = {
			isa = PBXResourcesBuildPhase;
			buildActionMask = 2147483647;
			files = (
				D24D2CF329E057EB002B7594 /* LaunchScreen.storyboard in Resources */,
				D24D2CF029E057EB002B7594 /* Assets.xcassets in Resources */,
			);
			runOnlyForDeploymentPostprocessing = 0;
		};
/* End PBXResourcesBuildPhase section */

/* Begin PBXSourcesBuildPhase section */
		D24D2CDF29E057EA002B7594 /* Sources */ = {
			isa = PBXSourcesBuildPhase;
			buildActionMask = 2147483647;
			files = (
				D24D2D1A29E086D0002B7594 /* Dog+CoreDataProperties.swift in Sources */,
				D24D2D1929E086D0002B7594 /* Dog+CoreDataClass.swift in Sources */,
				D24D2D1729E086D0002B7594 /* Walk+CoreDataClass.swift in Sources */,
				D24D2D1829E086D0002B7594 /* Walk+CoreDataProperties.swift in Sources */,
				D24D2CEB29E057EA002B7594 /* ViewController.swift in Sources */,
				D24D2CE729E057EA002B7594 /* AppDelegate.swift in Sources */,
				D24D2CE929E057EA002B7594 /* SceneDelegate.swift in Sources */,
				D24D2CFB29E05896002B7594 /* CoreDataManager.swift in Sources */,
				D24D2D1229E08647002B7594 /* DogWalks.xcdatamodeld in Sources */,
			);
			runOnlyForDeploymentPostprocessing = 0;
		};
/* End PBXSourcesBuildPhase section */

/* Begin PBXVariantGroup section */
		D24D2CF129E057EB002B7594 /* LaunchScreen.storyboard */ = {
			isa = PBXVariantGroup;
			children = (
				D24D2CF229E057EB002B7594 /* Base */,
			);
			name = LaunchScreen.storyboard;
			sourceTree = "<group>";
		};
/* End PBXVariantGroup section */

/* Begin XCBuildConfiguration section */
		D24D2CF529E057EB002B7594 /* Debug */ = {
			isa = XCBuildConfiguration;
			buildSettings = {
				ALWAYS_SEARCH_USER_PATHS = NO;
				CLANG_ANALYZER_NONNULL = YES;
				CLANG_ANALYZER_NUMBER_OBJECT_CONVERSION = YES_AGGRESSIVE;
				CLANG_CXX_LANGUAGE_STANDARD = "gnu++20";
				CLANG_ENABLE_MODULES = YES;
				CLANG_ENABLE_OBJC_ARC = YES;
				CLANG_ENABLE_OBJC_WEAK = YES;
				CLANG_WARN_BLOCK_CAPTURE_AUTORELEASING = YES;
				CLANG_WARN_BOOL_CONVERSION = YES;
				CLANG_WARN_COMMA = YES;
				CLANG_WARN_CONSTANT_CONVERSION = YES;
				CLANG_WARN_DEPRECATED_OBJC_IMPLEMENTATIONS = YES;
				CLANG_WARN_DIRECT_OBJC_ISA_USAGE = YES_ERROR;
				CLANG_WARN_DOCUMENTATION_COMMENTS = YES;
				CLANG_WARN_EMPTY_BODY = YES;
				CLANG_WARN_ENUM_CONVERSION = YES;
				CLANG_WARN_INFINITE_RECURSION = YES;
				CLANG_WARN_INT_CONVERSION = YES;
				CLANG_WARN_NON_LITERAL_NULL_CONVERSION = YES;
				CLANG_WARN_OBJC_IMPLICIT_RETAIN_SELF = YES;
				CLANG_WARN_OBJC_LITERAL_CONVERSION = YES;
				CLANG_WARN_OBJC_ROOT_CLASS = YES_ERROR;
				CLANG_WARN_QUOTED_INCLUDE_IN_FRAMEWORK_HEADER = YES;
				CLANG_WARN_RANGE_LOOP_ANALYSIS = YES;
				CLANG_WARN_STRICT_PROTOTYPES = YES;
				CLANG_WARN_SUSPICIOUS_MOVE = YES;
				CLANG_WARN_UNGUARDED_AVAILABILITY = YES_AGGRESSIVE;
				CLANG_WARN_UNREACHABLE_CODE = YES;
				CLANG_WARN__DUPLICATE_METHOD_MATCH = YES;
				COPY_PHASE_STRIP = NO;
				DEBUG_INFORMATION_FORMAT = dwarf;
				ENABLE_STRICT_OBJC_MSGSEND = YES;
				ENABLE_TESTABILITY = YES;
				GCC_C_LANGUAGE_STANDARD = gnu11;
				GCC_DYNAMIC_NO_PIC = NO;
				GCC_NO_COMMON_BLOCKS = YES;
				GCC_OPTIMIZATION_LEVEL = 0;
				GCC_PREPROCESSOR_DEFINITIONS = (
					"DEBUG=1",
					"$(inherited)",
				);
				GCC_WARN_64_TO_32_BIT_CONVERSION = YES;
				GCC_WARN_ABOUT_RETURN_TYPE = YES_ERROR;
				GCC_WARN_UNDECLARED_SELECTOR = YES;
				GCC_WARN_UNINITIALIZED_AUTOS = YES_AGGRESSIVE;
				GCC_WARN_UNUSED_FUNCTION = YES;
				GCC_WARN_UNUSED_VARIABLE = YES;
				IPHONEOS_DEPLOYMENT_TARGET = 16.4;
				MTL_ENABLE_DEBUG_INFO = INCLUDE_SOURCE;
				MTL_FAST_MATH = YES;
				ONLY_ACTIVE_ARCH = YES;
				SDKROOT = iphoneos;
				SWIFT_ACTIVE_COMPILATION_CONDITIONS = DEBUG;
				SWIFT_OPTIMIZATION_LEVEL = "-Onone";
			};
			name = Debug;
		};
		D24D2CF629E057EB002B7594 /* Release */ = {
			isa = XCBuildConfiguration;
			buildSettings = {
				ALWAYS_SEARCH_USER_PATHS = NO;
				CLANG_ANALYZER_NONNULL = YES;
				CLANG_ANALYZER_NUMBER_OBJECT_CONVERSION = YES_AGGRESSIVE;
				CLANG_CXX_LANGUAGE_STANDARD = "gnu++20";
				CLANG_ENABLE_MODULES = YES;
				CLANG_ENABLE_OBJC_ARC = YES;
				CLANG_ENABLE_OBJC_WEAK = YES;
				CLANG_WARN_BLOCK_CAPTURE_AUTORELEASING = YES;
				CLANG_WARN_BOOL_CONVERSION = YES;
				CLANG_WARN_COMMA = YES;
				CLANG_WARN_CONSTANT_CONVERSION = YES;
				CLANG_WARN_DEPRECATED_OBJC_IMPLEMENTATIONS = YES;
				CLANG_WARN_DIRECT_OBJC_ISA_USAGE = YES_ERROR;
				CLANG_WARN_DOCUMENTATION_COMMENTS = YES;
				CLANG_WARN_EMPTY_BODY = YES;
				CLANG_WARN_ENUM_CONVERSION = YES;
				CLANG_WARN_INFINITE_RECURSION = YES;
				CLANG_WARN_INT_CONVERSION = YES;
				CLANG_WARN_NON_LITERAL_NULL_CONVERSION = YES;
				CLANG_WARN_OBJC_IMPLICIT_RETAIN_SELF = YES;
				CLANG_WARN_OBJC_LITERAL_CONVERSION = YES;
				CLANG_WARN_OBJC_ROOT_CLASS = YES_ERROR;
				CLANG_WARN_QUOTED_INCLUDE_IN_FRAMEWORK_HEADER = YES;
				CLANG_WARN_RANGE_LOOP_ANALYSIS = YES;
				CLANG_WARN_STRICT_PROTOTYPES = YES;
				CLANG_WARN_SUSPICIOUS_MOVE = YES;
				CLANG_WARN_UNGUARDED_AVAILABILITY = YES_AGGRESSIVE;
				CLANG_WARN_UNREACHABLE_CODE = YES;
				CLANG_WARN__DUPLICATE_METHOD_MATCH = YES;
				COPY_PHASE_STRIP = NO;
				DEBUG_INFORMATION_FORMAT = "dwarf-with-dsym";
				ENABLE_NS_ASSERTIONS = NO;
				ENABLE_STRICT_OBJC_MSGSEND = YES;
				GCC_C_LANGUAGE_STANDARD = gnu11;
				GCC_NO_COMMON_BLOCKS = YES;
				GCC_WARN_64_TO_32_BIT_CONVERSION = YES;
				GCC_WARN_ABOUT_RETURN_TYPE = YES_ERROR;
				GCC_WARN_UNDECLARED_SELECTOR = YES;
				GCC_WARN_UNINITIALIZED_AUTOS = YES_AGGRESSIVE;
				GCC_WARN_UNUSED_FUNCTION = YES;
				GCC_WARN_UNUSED_VARIABLE = YES;
				IPHONEOS_DEPLOYMENT_TARGET = 16.4;
				MTL_ENABLE_DEBUG_INFO = NO;
				MTL_FAST_MATH = YES;
				SDKROOT = iphoneos;
				SWIFT_COMPILATION_MODE = wholemodule;
				SWIFT_OPTIMIZATION_LEVEL = "-O";
				VALIDATE_PRODUCT = YES;
			};
			name = Release;
		};
		D24D2CF829E057EB002B7594 /* Debug */ = {
			isa = XCBuildConfiguration;
			buildSettings = {
				ASSETCATALOG_COMPILER_APPICON_NAME = AppIcon;
				ASSETCATALOG_COMPILER_GLOBAL_ACCENT_COLOR_NAME = AccentColor;
				CODE_SIGN_STYLE = Automatic;
				CURRENT_PROJECT_VERSION = 1;
				GENERATE_INFOPLIST_FILE = YES;
				INFOPLIST_FILE = DogWalks/Info.plist;
				INFOPLIST_KEY_UIApplicationSupportsIndirectInputEvents = YES;
				INFOPLIST_KEY_UILaunchStoryboardName = LaunchScreen;
				INFOPLIST_KEY_UISupportedInterfaceOrientations = UIInterfaceOrientationPortrait;
				INFOPLIST_KEY_UISupportedInterfaceOrientations_iPad = "UIInterfaceOrientationLandscapeLeft UIInterfaceOrientationLandscapeRight UIInterfaceOrientationPortrait UIInterfaceOrientationPortraitUpsideDown";
				IPHONEOS_DEPLOYMENT_TARGET = 15.0;
				LD_RUNPATH_SEARCH_PATHS = (
					"$(inherited)",
					"@executable_path/Frameworks",
				);
				MARKETING_VERSION = 1.0;
				PRODUCT_BUNDLE_IDENTIFIER = "Yury-Lebedev.DogWalks";
				PRODUCT_NAME = "$(TARGET_NAME)";
				SUPPORTED_PLATFORMS = "iphoneos iphonesimulator";
				SUPPORTS_MACCATALYST = NO;
				SUPPORTS_MAC_DESIGNED_FOR_IPHONE_IPAD = NO;
				SWIFT_EMIT_LOC_STRINGS = YES;
				SWIFT_VERSION = 5.0;
				TARGETED_DEVICE_FAMILY = 1;
			};
			name = Debug;
		};
		D24D2CF929E057EB002B7594 /* Release */ = {
			isa = XCBuildConfiguration;
			buildSettings = {
				ASSETCATALOG_COMPILER_APPICON_NAME = AppIcon;
				ASSETCATALOG_COMPILER_GLOBAL_ACCENT_COLOR_NAME = AccentColor;
				CODE_SIGN_STYLE = Automatic;
				CURRENT_PROJECT_VERSION = 1;
				GENERATE_INFOPLIST_FILE = YES;
				INFOPLIST_FILE = DogWalks/Info.plist;
				INFOPLIST_KEY_UIApplicationSupportsIndirectInputEvents = YES;
				INFOPLIST_KEY_UILaunchStoryboardName = LaunchScreen;
				INFOPLIST_KEY_UISupportedInterfaceOrientations = UIInterfaceOrientationPortrait;
				INFOPLIST_KEY_UISupportedInterfaceOrientations_iPad = "UIInterfaceOrientationLandscapeLeft UIInterfaceOrientationLandscapeRight UIInterfaceOrientationPortrait UIInterfaceOrientationPortraitUpsideDown";
				IPHONEOS_DEPLOYMENT_TARGET = 15.0;
				LD_RUNPATH_SEARCH_PATHS = (
					"$(inherited)",
					"@executable_path/Frameworks",
				);
				MARKETING_VERSION = 1.0;
				PRODUCT_BUNDLE_IDENTIFIER = "Yury-Lebedev.DogWalks";
				PRODUCT_NAME = "$(TARGET_NAME)";
				SUPPORTED_PLATFORMS = "iphoneos iphonesimulator";
				SUPPORTS_MACCATALYST = NO;
				SUPPORTS_MAC_DESIGNED_FOR_IPHONE_IPAD = NO;
				SWIFT_EMIT_LOC_STRINGS = YES;
				SWIFT_VERSION = 5.0;
				TARGETED_DEVICE_FAMILY = 1;
			};
			name = Release;
		};
/* End XCBuildConfiguration section */

/* Begin XCConfigurationList section */
		D24D2CDE29E057EA002B7594 /* Build configuration list for PBXProject "DogWalks" */ = {
			isa = XCConfigurationList;
			buildConfigurations = (
				D24D2CF529E057EB002B7594 /* Debug */,
				D24D2CF629E057EB002B7594 /* Release */,
			);
			defaultConfigurationIsVisible = 0;
			defaultConfigurationName = Release;
		};
		D24D2CF729E057EB002B7594 /* Build configuration list for PBXNativeTarget "DogWalks" */ = {
			isa = XCConfigurationList;
			buildConfigurations = (
				D24D2CF829E057EB002B7594 /* Debug */,
				D24D2CF929E057EB002B7594 /* Release */,
			);
			defaultConfigurationIsVisible = 0;
			defaultConfigurationName = Release;
		};
/* End XCConfigurationList section */

/* Begin XCVersionGroup section */
		D24D2D1029E08647002B7594 /* DogWalks.xcdatamodeld */ = {
			isa = XCVersionGroup;
			children = (
				D24D2D1129E08647002B7594 /* DogWalks.xcdatamodel */,
			);
			currentVersion = D24D2D1129E08647002B7594 /* DogWalks.xcdatamodel */;
			name = DogWalks.xcdatamodeld;
			path = ../../DogWalks.xcdatamodeld;
			sourceTree = "<group>";
			versionGroupType = wrapper.xcdatamodel;
		};
/* End XCVersionGroup section */
	};
	rootObject = D24D2CDB29E057EA002B7594 /* Project object */;
}
